
Microsoft Visual Studio Solution File, Format Version 12.00
# Visual Studio Version 16
VisualStudioVersion = 16.0.30611.23
MinimumVisualStudioVersion = 10.0.40219.1
Project("{FAE04EC0-301F-11D3-BF4B-00C04F79EFBC}") = "Iga_VasileIonutRemus_Lab6", "Iga_VasileIonutRemus_Lab6.csproj", "{3D9178EE-6409-40A1-B070-110EF0B3C1A0}"
EndProject
Project("{FAE04EC0-301F-11D3-BF4B-00C04F79EFBC}") = "AutoLotModel", "..\AutoLotModel\AutoLotModel.csproj", "{B1591A85-D72D-4C59-B786-6FEA92EB2102}"
EndProject
Global
	GlobalSection(SolutionConfigurationPlatforms) = preSolution
		Debug|Any CPU = Debug|Any CPU
		Release|Any CPU = Release|Any CPU
	EndGlobalSection
	GlobalSection(ProjectConfigurationPlatforms) = postSolution
		{3D9178EE-6409-40A1-B070-110EF0B3C1A0}.Debug|Any CPU.ActiveCfg = Debug|Any CPU
		{3D9178EE-6409-40A1-B070-110EF0B3C1A0}.Debug|Any CPU.Build.0 = Debug|Any CPU
		{3D9178EE-6409-40A1-B070-110EF0B3C1A0}.Release|Any CPU.ActiveCfg = Release|Any CPU
		{3D9178EE-6409-40A1-B070-110EF0B3C1A0}.Release|Any CPU.Build.0 = Release|Any CPU
		{B1591A85-D72D-4C59-B786-6FEA92EB2102}.Debug|Any CPU.ActiveCfg = Debug|Any CPU
		{B1591A85-D72D-4C59-B786-6FEA92EB2102}.Debug|Any CPU.Build.0 = Debug|Any CPU
		{B1591A85-D72D-4C59-B786-6FEA92EB2102}.Release|Any CPU.ActiveCfg = Release|Any CPU
		{B1591A85-D72D-4C59-B786-6FEA92EB2102}.Release|Any CPU.Build.0 = Release|Any CPU
	EndGlobalSection
	GlobalSection(SolutionProperties) = preSolution
		HideSolutionNode = FALSE
	EndGlobalSection
	GlobalSection(ExtensibilityGlobals) = postSolution
		SolutionGuid = {1D1CA2DC-5352-431B-B603-7F7663A883EF}
	EndGlobalSection
EndGlobal
